version = 1
requires-python = ">=3.13"

[[package]]
name = "polars"
version = "1.20.0"
source = { registry = "https://pypi.org/simple" }
sdist = { url = "https://files.pythonhosted.org/packages/dd/8f/1005f24c8c413d8a393973fcb45e6085a2311bb513ee0c6674d438e99c31/polars-1.20.0.tar.gz", hash = "sha256:e8e9e3156fae02b58e276e5f2c16a5907a79b38617a9e2d731b533d87798f451", size = 4292434 }
wheels = [
    { url = "https://files.pythonhosted.org/packages/93/ef/74d56f82bc2e7911276ffad8f24e7ae6f7a102ecab3b2e88b87e84243356/polars-1.20.0-cp39-abi3-macosx_10_12_x86_64.whl", hash = "sha256:9a313e10ea80b99a0d32bfb942b2260b9658155287b0c2ac5876323acaff4f2c", size = 32143323 },
    { url = "https://files.pythonhosted.org/packages/dd/e1/51c7b2bc3037af89f1c109b61a2d2f44c411212df63dd0e9c6683b66d98e/polars-1.20.0-cp39-abi3-macosx_11_0_arm64.whl", hash = "sha256:4474bd004376599f7e4906bd350026cbbe805ba604121090578a97f63da15381", size = 28954418 },
    { url = "https://files.pythonhosted.org/packages/2a/1a/862b8bf65182b261022292a1cd49728db876a1ef64ff377d6f7b17653886/polars-1.20.0-cp39-abi3-manylinux_2_17_x86_64.manylinux2014_x86_64.whl", hash = "sha256:4996e17cb6f57d9aeaf79f66c54ef2913cea7bd025410c076ef8c05d4f7d792a", size = 32850943 },
    { url = "https://files.pythonhosted.org/packages/b7/33/1970863f0c1782a916299346d150c5bb8373d4e6827fabb8c37a0a2bcb8e/polars-1.20.0-cp39-abi3-manylinux_2_24_aarch64.whl", hash = "sha256:d488ffb92d4934d9c326fa2d0fb2e9a4e3c2c625c59f4a77a77e4acd4d5a0d66", size = 29885148 },
    { url = "https://files.pythonhosted.org/packages/bb/2d/b29112da3e98ba55e8ba77f08a90312004d2e4be0fd6401ff7d5d71eae0a/polars-1.20.0-cp39-abi3-win_amd64.whl", hash = "sha256:5ce417d2b6d4f3b8f422fcb3482039e8076182cceacbd880175fe970c6f99c84", size = 32947632 },
    { url = "https://files.pythonhosted.org/packages/60/da/245e5852342cab10c48dc788f7b3d39a1f926f783ea124f196ad783ea6aa/polars-1.20.0-cp39-abi3-win_arm64.whl", hash = "sha256:f474f3d65450138cd2dbab2d9b6041b8646c30fad0b28e6d62457788f994bf62", size = 29141207 },
]

[[package]]
name = "polars-extensions"
version = "0.5.0"
source = { virtual = "." }
dependencies = [
    { name = "polars" },
]

[package.metadata]
requires-dist = [{ name = "polars" }]
