version = 1
revision = 3
requires-python = ">=3.14"

[[package]]
name = "colorama"
version = "0.4.6"
source = { registry = "https://pypi.org/simple" }
sdist = { url = "https://files.pythonhosted.org/packages/d8/53/6f443c9a4a8358a93a6792e2acffb9d9d5cb0a5cfd8802644b7b1c9a02e4/colorama-0.4.6.tar.gz", hash = "sha256:08695f5cb7ed6e0531a20572697297273c47b8cae5a63ffc6d6ed5c201be6e44", size = 27697, upload-time = "2022-10-25T02:36:22.414Z" }
wheels = [
    { url = "https://files.pythonhosted.org/packages/d1/d6/3965ed04c63042e047cb6a3e6ed1a63a35087b6a609aa3a15ed8ac56c221/colorama-0.4.6-py2.py3-none-any.whl", hash = "sha256:4f1d9991f5acc0ca119f9d443620b77f9d6b33703e51011c16baf57afb285fc6", size = 25335, upload-time = "2022-10-25T02:36:20.889Z" },
]

[[package]]
name = "defusedxml"
version = "0.7.1"
source = { registry = "https://pypi.org/simple" }
sdist = { url = "https://files.pythonhosted.org/packages/0f/d5/c66da9b79e5bdb124974bfe172b4daf3c984ebd9c2a06e2b8a4dc7331c72/defusedxml-0.7.1.tar.gz", hash = "sha256:1bb3032db185915b62d7c6209c5a8792be6a32ab2fedacc84e01b52c51aa3e69", size = 75520, upload-time = "2021-03-08T10:59:26.269Z" }
wheels = [
    { url = "https://files.pythonhosted.org/packages/07/6c/aa3f2f849e01cb6a001cd8554a88d4c77c5c1a31c95bdf1cf9301e6d9ef4/defusedxml-0.7.1-py2.py3-none-any.whl", hash = "sha256:a352e7e428770286cc899e2542b6cdaedb2b4953ff269a210103ec58f6198a61", size = 25604, upload-time = "2021-03-08T10:59:24.45Z" },
]

[[package]]
name = "polars"
version = "1.20.0"
source = { registry = "https://pypi.org/simple" }
sdist = { url = "https://files.pythonhosted.org/packages/dd/8f/1005f24c8c413d8a393973fcb45e6085a2311bb513ee0c6674d438e99c31/polars-1.20.0.tar.gz", hash = "sha256:e8e9e3156fae02b58e276e5f2c16a5907a79b38617a9e2d731b533d87798f451", size = 4292434, upload-time = "2025-01-16T18:40:36.588Z" }
wheels = [
    { url = "https://files.pythonhosted.org/packages/93/ef/74d56f82bc2e7911276ffad8f24e7ae6f7a102ecab3b2e88b87e84243356/polars-1.20.0-cp39-abi3-macosx_10_12_x86_64.whl", hash = "sha256:9a313e10ea80b99a0d32bfb942b2260b9658155287b0c2ac5876323acaff4f2c", size = 32143323, upload-time = "2025-01-16T18:38:47.022Z" },
    { url = "https://files.pythonhosted.org/packages/dd/e1/51c7b2bc3037af89f1c109b61a2d2f44c411212df63dd0e9c6683b66d98e/polars-1.20.0-cp39-abi3-macosx_11_0_arm64.whl", hash = "sha256:4474bd004376599f7e4906bd350026cbbe805ba604121090578a97f63da15381", size = 28954418, upload-time = "2025-01-16T18:38:54.041Z" },
    { url = "https://files.pythonhosted.org/packages/2a/1a/862b8bf65182b261022292a1cd49728db876a1ef64ff377d6f7b17653886/polars-1.20.0-cp39-abi3-manylinux_2_17_x86_64.manylinux2014_x86_64.whl", hash = "sha256:4996e17cb6f57d9aeaf79f66c54ef2913cea7bd025410c076ef8c05d4f7d792a", size = 32850943, upload-time = "2025-01-16T18:38:59.63Z" },
    { url = "https://files.pythonhosted.org/packages/b7/33/1970863f0c1782a916299346d150c5bb8373d4e6827fabb8c37a0a2bcb8e/polars-1.20.0-cp39-abi3-manylinux_2_24_aarch64.whl", hash = "sha256:d488ffb92d4934d9c326fa2d0fb2e9a4e3c2c625c59f4a77a77e4acd4d5a0d66", size = 29885148, upload-time = "2025-01-16T18:39:05.259Z" },
    { url = "https://files.pythonhosted.org/packages/bb/2d/b29112da3e98ba55e8ba77f08a90312004d2e4be0fd6401ff7d5d71eae0a/polars-1.20.0-cp39-abi3-win_amd64.whl", hash = "sha256:5ce417d2b6d4f3b8f422fcb3482039e8076182cceacbd880175fe970c6f99c84", size = 32947632, upload-time = "2025-01-16T18:39:12.233Z" },
    { url = "https://files.pythonhosted.org/packages/60/da/245e5852342cab10c48dc788f7b3d39a1f926f783ea124f196ad783ea6aa/polars-1.20.0-cp39-abi3-win_arm64.whl", hash = "sha256:f474f3d65450138cd2dbab2d9b6041b8646c30fad0b28e6d62457788f994bf62", size = 29141207, upload-time = "2025-01-16T18:39:18.353Z" },
]

[[package]]
name = "polars-extensions"
source = { virtual = "." }
dependencies = [
    { name = "defusedxml" },
    { name = "polars" },
    { name = "pyodbc" },
    { name = "tqdm" },
]

[package.metadata]
requires-dist = [
    { name = "defusedxml" },
    { name = "polars" },
    { name = "pyodbc" },
    { name = "tqdm" },
]

[[package]]
name = "pyodbc"
version = "5.3.0"
source = { registry = "https://pypi.org/simple" }
sdist = { url = "https://files.pythonhosted.org/packages/8f/85/44b10070a769a56bd910009bb185c0c0a82daff8d567cd1a116d7d730c7d/pyodbc-5.3.0.tar.gz", hash = "sha256:2fe0e063d8fb66efd0ac6dc39236c4de1a45f17c33eaded0d553d21c199f4d05", size = 121770, upload-time = "2025-10-17T18:04:09.43Z" }
wheels = [
    { url = "https://files.pythonhosted.org/packages/ab/f2/c26d82a7ce1e90b8bbb8731d3d53de73814e2f6606b9db9d978303aa8d5f/pyodbc-5.3.0-cp314-cp314-macosx_10_15_x86_64.whl", hash = "sha256:3f1bdb3ce6480a17afaaef4b5242b356d4997a872f39e96f015cabef00613797", size = 73513, upload-time = "2025-10-17T18:03:40.536Z" },
    { url = "https://files.pythonhosted.org/packages/82/d5/1ab1b7c4708cbd701990a8f7183c5bb5e0712d5e8479b919934e46dadab4/pyodbc-5.3.0-cp314-cp314-macosx_11_0_arm64.whl", hash = "sha256:7713c740a10f33df3cb08f49a023b7e1e25de0c7c99650876bbe717bc95ee780", size = 72631, upload-time = "2025-10-17T18:03:41.713Z" },
    { url = "https://files.pythonhosted.org/packages/b1/f1/7e3831eeac2b09b31a77e6b3495491ce162035ff2903d7261b49d35aa3c2/pyodbc-5.3.0-cp314-cp314-manylinux2014_aarch64.manylinux_2_17_aarch64.manylinux_2_28_aarch64.whl", hash = "sha256:cf18797a12e70474e1b7f5027deeeccea816372497e3ff2d46b15bec2d18a0cc", size = 344580, upload-time = "2025-10-17T18:03:42.67Z" },
    { url = "https://files.pythonhosted.org/packages/a2/a6/71d26d626a3c45951620b7ff356ec920e420f0e09b0a924123682aa5e4ab/pyodbc-5.3.0-cp314-cp314-manylinux2014_x86_64.manylinux_2_17_x86_64.manylinux_2_28_x86_64.whl", hash = "sha256:08b2439500e212625471d32f8fde418075a5ddec556e095e5a4ba56d61df2dc6", size = 350224, upload-time = "2025-10-17T18:03:43.731Z" },
    { url = "https://files.pythonhosted.org/packages/93/14/f702c5e8c2d595776266934498505f11b7f1545baf21ffec1d32c258e9d3/pyodbc-5.3.0-cp314-cp314-musllinux_1_2_aarch64.whl", hash = "sha256:729c535341bb09c476f219d6f7ab194bcb683c4a0a368010f1cb821a35136f05", size = 1301503, upload-time = "2025-10-17T18:03:45.013Z" },
    { url = "https://files.pythonhosted.org/packages/d9/b2/ad92ebdd1b5c7fec36b065e586d1d34b57881e17ba5beec5c705f1031058/pyodbc-5.3.0-cp314-cp314-musllinux_1_2_x86_64.whl", hash = "sha256:c67e7f2ce649155ea89beb54d3b42d83770488f025cf3b6f39ca82e9c598a02e", size = 1361050, upload-time = "2025-10-17T18:03:46.298Z" },
    { url = "https://files.pythonhosted.org/packages/19/40/dc84e232da07056cb5aaaf5f759ba4c874bc12f37569f7f1670fc71e7ae1/pyodbc-5.3.0-cp314-cp314-win32.whl", hash = "sha256:a48d731432abaee5256ed6a19a3e1528b8881f9cb25cb9cf72d8318146ea991b", size = 65670, upload-time = "2025-10-17T18:03:56.414Z" },
    { url = "https://files.pythonhosted.org/packages/b8/79/c48be07e8634f764662d7a279ac204f93d64172162dbf90f215e2398b0bd/pyodbc-5.3.0-cp314-cp314-win_amd64.whl", hash = "sha256:58635a1cc859d5af3f878c85910e5d7228fe5c406d4571bffcdd281375a54b39", size = 72177, upload-time = "2025-10-17T18:03:57.296Z" },
    { url = "https://files.pythonhosted.org/packages/fc/79/e304574446b2263f428ce14df590ba52c2e0e0205e8d34b235b582b7d57e/pyodbc-5.3.0-cp314-cp314-win_arm64.whl", hash = "sha256:754d052030d00c3ac38da09ceb9f3e240e8dd1c11da8906f482d5419c65b9ef5", size = 66668, upload-time = "2025-10-17T18:03:58.174Z" },
    { url = "https://files.pythonhosted.org/packages/43/17/f4eabf443b838a2728773554017d08eee3aca353102934a7e3ba96fb0e31/pyodbc-5.3.0-cp314-cp314t-macosx_10_15_x86_64.whl", hash = "sha256:f927b440c38ade1668f0da64047ffd20ec34e32d817f9a60d07553301324b364", size = 75780, upload-time = "2025-10-17T18:03:47.273Z" },
    { url = "https://files.pythonhosted.org/packages/59/ea/e79e168c3d38c27d59d5d96273fd9e3c3ba55937cc944c4e60618f51de90/pyodbc-5.3.0-cp314-cp314t-macosx_11_0_arm64.whl", hash = "sha256:25c4cfb2c08e77bc6e82f666d7acd52f0e52a0401b1876e60f03c73c3b8aedc0", size = 75503, upload-time = "2025-10-17T18:03:48.171Z" },
    { url = "https://files.pythonhosted.org/packages/90/81/d1d7c125ec4a20e83fdc28e119b8321192b2bd694f432cf63e1199b2b929/pyodbc-5.3.0-cp314-cp314t-manylinux2014_aarch64.manylinux_2_17_aarch64.manylinux_2_28_aarch64.whl", hash = "sha256:bc834567c2990584b9726cba365834d039380c9dbbcef3030ddeb00c6541b943", size = 398356, upload-time = "2025-10-17T18:03:49.131Z" },
    { url = "https://files.pythonhosted.org/packages/5e/fc/f6be4b3cc3910f8c2aba37aa41671121fd6f37b402ae0fefe53a70ac7cd5/pyodbc-5.3.0-cp314-cp314t-manylinux2014_x86_64.manylinux_2_17_x86_64.manylinux_2_28_x86_64.whl", hash = "sha256:8339d3094858893c1a68ee1af93efc4dff18b8b65de54d99104b99af6306320d", size = 397291, upload-time = "2025-10-17T18:03:50.18Z" },
    { url = "https://files.pythonhosted.org/packages/03/2e/0610b1ed05a5625528d52f6cece9610e84617d35f475c89c2a52f66d13f7/pyodbc-5.3.0-cp314-cp314t-musllinux_1_2_aarch64.whl", hash = "sha256:74528fe148980d0c735c0ebb4a4dc74643ac4574337c43c1006ac4d09593f92d", size = 1353900, upload-time = "2025-10-17T18:03:51.339Z" },
    { url = "https://files.pythonhosted.org/packages/1d/f1/43497e1d37f9f71b43b2b3172e7b1bdf50851e278390c3fb6b46a3630c53/pyodbc-5.3.0-cp314-cp314t-musllinux_1_2_x86_64.whl", hash = "sha256:d89a7f2e24227150c13be8164774b7e1f9678321a4248f1356a465b9cc17d31e", size = 1406062, upload-time = "2025-10-17T18:03:52.546Z" },
    { url = "https://files.pythonhosted.org/packages/9e/8b/88a1277c2f7d9ab1cec0a71e074ba24fd4a1710a43974682546da90a1343/pyodbc-5.3.0-cp314-cp314t-win32.whl", hash = "sha256:af4d8c9842fc4a6360c31c35508d6594d5a3b39922f61b282c2b4c9d9da99514", size = 70132, upload-time = "2025-10-17T18:03:53.715Z" },
    { url = "https://files.pythonhosted.org/packages/ba/c7/ee98c62050de4aa8bafb6eb1e11b95e0b0c898bd5930137c6dc776e06a9b/pyodbc-5.3.0-cp314-cp314t-win_amd64.whl", hash = "sha256:bfeb3e34795d53b7d37e66dd54891d4f9c13a3889a8f5fe9640e56a82d770955", size = 79452, upload-time = "2025-10-17T18:03:54.664Z" },
    { url = "https://files.pythonhosted.org/packages/4b/8f/d8889efd96bbe8e5d43ff9701f6b1565a8e09c3e1f58c388d550724f777b/pyodbc-5.3.0-cp314-cp314t-win_arm64.whl", hash = "sha256:13656184faa3f2d5c6f19b701b8f247342ed581484f58bf39af7315c054e69db", size = 70142, upload-time = "2025-10-17T18:03:55.551Z" },
]

[[package]]
name = "tqdm"
version = "4.67.1"
source = { registry = "https://pypi.org/simple" }
dependencies = [
    { name = "colorama", marker = "sys_platform == 'win32'" },
]
sdist = { url = "https://files.pythonhosted.org/packages/a8/4b/29b4ef32e036bb34e4ab51796dd745cdba7ed47ad142a9f4a1eb8e0c744d/tqdm-4.67.1.tar.gz", hash = "sha256:f8aef9c52c08c13a65f30ea34f4e5aac3fd1a34959879d7e59e63027286627f2", size = 169737, upload-time = "2024-11-24T20:12:22.481Z" }
wheels = [
    { url = "https://files.pythonhosted.org/packages/d0/30/dc54f88dd4a2b5dc8a0279bdd7270e735851848b762aeb1c1184ed1f6b14/tqdm-4.67.1-py3-none-any.whl", hash = "sha256:26445eca388f82e72884e0d580d5464cd801a3ea01e63e5601bdff9ba6a48de2", size = 78540, upload-time = "2024-11-24T20:12:19.698Z" },
]
